{
    "_readme": [
        "This file locks the dependencies of your project to a known state",
        "Read more about it at https://getcomposer.org/doc/01-basic-usage.md#installing-dependencies",
        "This file is @generated automatically"
    ],
    "content-hash": "dac7ad75ffc88334e5de993e7991a13d",
    "packages": [
        {
            "name": "afragen/github-updater",
            "version": "9.9.4",
            "source": {
                "type": "git",
                "url": "https://github.com/afragen/github-updater.git",
                "reference": "36363a5821b6f7e590945f2f163ae9d5a8000d12"
            },
            "dist": {
                "type": "zip",
                "url": "https://api.github.com/repos/afragen/github-updater/zipball/36363a5821b6f7e590945f2f163ae9d5a8000d12",
                "reference": "36363a5821b6f7e590945f2f163ae9d5a8000d12",
                "shasum": ""
            },
            "require": {
                "afragen/singleton": "dev-master",
                "afragen/wordpress-plugin-readme-parser": "dev-master",
                "collizo4sky/persist-admin-notices-dismissal": "^1",
                "php": ">=5.6"
            },
            "type": "wordpress-plugin",
            "autoload": {
                "psr-4": {
                    "Fragen\\GitHub_Updater\\": "src/GitHub_Updater/"
                }
            },
            "notification-url": "https://packagist.org/downloads/",
            "license": [
                "GPL-2.0-or-later"
            ],
            "authors": [
                {
                    "name": "Andy Fragen",
                    "email": "andy@thefragens.com",
                    "homepage": "https://thefragens.com",
                    "role": "Developer"
                }
            ],
            "description": "A plugin to automatically update GitHub, Bitbucket, GitLab, or Gitea hosted plugins, themes, and language packs. It also allows for remote installation of plugins or themes into WordPress.",
            "keywords": [
                "install",
                "plugin",
                "theme",
                "updater",
                "wordpress"
            ],
            "time": "2020-11-21T18:22:24+00:00"
        },
        {
            "name": "afragen/singleton",
            "version": "dev-master",
            "source": {
                "type": "git",
                "url": "https://github.com/afragen/singleton.git",
                "reference": "75bce9e88abaefdbbf4d12bc02f71079e465326d"
            },
            "dist": {
                "type": "zip",
                "url": "https://api.github.com/repos/afragen/singleton/zipball/75bce9e88abaefdbbf4d12bc02f71079e465326d",
                "reference": "75bce9e88abaefdbbf4d12bc02f71079e465326d",
                "shasum": ""
            },
            "require": {
                "php": ">=5.4"
            },
            "type": "library",
            "autoload": {
                "classmap": [
                    "Singleton.php"
                ]
            },
            "notification-url": "https://packagist.org/downloads/",
            "license": [
                "MIT"
            ],
            "authors": [
                {
                    "name": "Andy Fragen",
                    "email": "andy@thefragens.com",
                    "homepage": "https://github.com/afragen/singleton",
                    "role": "Developer"
                }
            ],
            "description": "A singleton static proxy generator.",
            "keywords": [
                "singleton",
                "wordpress"
            ],
            "time": "2019-01-05T16:19:38+00:00"
        },
        {
            "name": "afragen/wordpress-plugin-readme-parser",
            "version": "dev-master",
            "source": {
                "type": "git",
                "url": "https://github.com/afragen/wordpress-plugin-readme-parser.git",
                "reference": "7da7e7f0e458feac79cfcc2762eb1881d080d142"
            },
            "dist": {
                "type": "zip",
                "url": "https://api.github.com/repos/afragen/wordpress-plugin-readme-parser/zipball/7da7e7f0e458feac79cfcc2762eb1881d080d142",
                "reference": "7da7e7f0e458feac79cfcc2762eb1881d080d142",
                "shasum": ""
            },
            "require": {
                "erusev/parsedown": "^1.7",
                "php": ">=5.4"
            },
            "type": "library",
            "autoload": {
                "classmap": [
                    "class-parser.php"
                ]
            },
            "notification-url": "https://packagist.org/downloads/",
            "license": [
                "MIT"
            ],
            "authors": [
                {
                    "name": "WordPress.org",
                    "homepage": "https://meta.trac.wordpress.org/browser/sites/trunk/wordpress.org/public_html/wp-content/plugins/plugin-directory/readme"
                }
            ],
            "description": "A clone of the current WordPress.org Plugin Readme Parser, class-parser.php",
            "keywords": [
                "parser",
                "readme",
                "wordpress"
            ],
            "time": "2020-11-05T20:38:03+00:00"
        },
        {
            "name": "collizo4sky/persist-admin-notices-dismissal",
            "version": "1.4.3",
            "source": {
                "type": "git",
                "url": "https://github.com/w3guy/persist-admin-notices-dismissal.git",
                "reference": "2d7d8bb3cba631ad227c92296a4b675d7cbc71d7"
            },
            "dist": {
                "type": "zip",
                "url": "https://api.github.com/repos/w3guy/persist-admin-notices-dismissal/zipball/2d7d8bb3cba631ad227c92296a4b675d7cbc71d7",
                "reference": "2d7d8bb3cba631ad227c92296a4b675d7cbc71d7",
                "shasum": ""
            },
            "type": "library",
            "autoload": {
                "classmap": [
                    "persist-admin-notices-dismissal.php"
                ]
            },
            "notification-url": "https://packagist.org/downloads/",
            "authors": [
                {
                    "name": "Collins Agbonghama",
                    "email": "me@w3guy.com"
                }
            ],
            "description": "Simple library to persist dismissal of admin notices across pages in WordPress dashboard.",
            "time": "2019-03-12T05:19:51+00:00"
        },
        {
            "name": "erusev/parsedown",
            "version": "1.8.0-beta-7",
            "source": {
                "type": "git",
                "url": "https://github.com/erusev/parsedown.git",
                "reference": "fe7a50eceb4a3c867cc9fa9c0aa906b1067d1955"
            },
            "dist": {
                "type": "zip",
                "url": "https://api.github.com/repos/erusev/parsedown/zipball/fe7a50eceb4a3c867cc9fa9c0aa906b1067d1955",
                "reference": "fe7a50eceb4a3c867cc9fa9c0aa906b1067d1955",
                "shasum": ""
            },
            "require": {
                "ext-mbstring": "*",
                "php": ">=5.3.0"
            },
            "require-dev": {
                "phpunit/phpunit": "^4.8.35"
            },
            "type": "library",
            "autoload": {
                "psr-0": {
                    "Parsedown": ""
                }
            },
            "notification-url": "https://packagist.org/downloads/",
            "license": [
                "MIT"
            ],
            "authors": [
                {
                    "name": "Emanuil Rusev",
                    "email": "hello@erusev.com",
                    "homepage": "http://erusev.com"
                }
            ],
            "description": "Parser for Markdown.",
            "homepage": "http://parsedown.org",
            "keywords": [
                "markdown",
                "parser"
            ],
            "time": "2019-03-17T18:47:21+00:00"
        },
        {
            "name": "htmlburger/carbon-fields",
            "version": "v3.3.0",
            "source": {
                "type": "git",
                "url": "https://github.com/htmlburger/carbon-fields.git",
                "reference": "1a3fa2c50f3e25775ff3846c22fab2384312d96a"
            },
            "dist": {
                "type": "zip",
                "url": "https://api.github.com/repos/htmlburger/carbon-fields/zipball/1a3fa2c50f3e25775ff3846c22fab2384312d96a",
                "reference": "1a3fa2c50f3e25775ff3846c22fab2384312d96a",
                "shasum": ""
            },
            "require": {
                "php": ">=5.3"
            },
            "require-dev": {
                "mockery/mockery": "^0.9.7",
                "phpunit/phpunit": "~4.8"
            },
            "type": "library",
            "autoload": {
                "psr-4": {
                    "Carbon_Fields\\": "core/"
                }
            },
            "notification-url": "https://packagist.org/downloads/",
            "license": [
                "GPL-2.0-only"
            ],
            "authors": [
                {
                    "name": "htmlBurger",
                    "email": "wordpress@htmlburger.com",
                    "homepage": "https://htmlburger.com/",
                    "role": "Developer"
                },
                {
                    "name": "Miroslav Mitev",
                    "email": "mmitev.2create@gmail.com",
                    "role": "Developer"
                },
                {
                    "name": "Atanas Angelov",
                    "email": "atanas.angelov.dev@gmail.com",
                    "role": "Developer"
                },
                {
                    "name": "Georgi Stoyanov",
                    "email": "stoyanov.gs@gmail.com",
                    "role": "Developer"
                },
                {
                    "name": "Plamen Kostadinov",
                    "email": "pkostadinov.2create@gmail.com",
                    "homepage": "http://plasmen.info/",
                    "role": "Developer"
                },
                {
                    "name": "Stanimir Panchev",
                    "email": "Stan4omir@gmail.com",
                    "role": "Developer"
                },
                {
                    "name": "Marin Atanasov",
                    "email": "contact@marinatanasov.com",
                    "homepage": "http://marinatanasov.com/",
                    "role": "Developer"
                },
                {
                    "name": "Siyan Panayotov",
                    "homepage": "http://siyanpanayotov.com/",
                    "role": "Developer"
                },
                {
                    "name": "Peter Petrov",
                    "email": "peter.petrov89@gmail.com",
                    "role": "Developer"
                },
                {
                    "name": "Stanimir Stoyanov",
                    "email": "stanimir.k.stoyanov@gmail.com",
                    "role": "Developer"
                },
                {
                    "name": "Kaloyan Ivanov",
                    "email": "kaloyanxivanov@gmail.com",
                    "homepage": "http://vilepixels.com/",
                    "role": "Developer"
                },
                {
                    "name": "Georgi Popov",
                    "homepage": "http://magadanski.com/",
                    "role": "Developer"
                },
                {
                    "name": "German Velchev",
                    "email": "germozy@gmail.com",
                    "role": "Developer"
                },
                {
                    "name": "Rashko Petrov",
                    "email": "brutalenemy666@gmail.com",
                    "homepage": "http://errorfactory.com/",
                    "role": "Developer"
                },
                {
                    "name": "Alexander Panayotov",
                    "email": "alexander.panayotov@gmail.com",
                    "homepage": "http://alexanderpanayotov.com/",
                    "role": "Developer"
                },
                {
                    "name": "Viktor Vasilev",
                    "email": "liberalcho@gmail.com",
                    "role": "Developer"
                },
                {
                    "name": "Georgi Georgiev",
                    "email": "george.georgiev96@gmail.com",
                    "role": "Developer"
                },
                {
                    "name": "Atanas Vasilev",
                    "email": "atanasvasilev91@gmail.com",
                    "role": "Developer"
                }
            ],
            "description": "WordPress developer-friendly custom fields for post types, taxonomy terms, users, comments, widgets, options and more.",
            "homepage": "http://carbonfields.net/",
            "support": {
                "docs": "http://carbonfields.net/docs/",
                "email": "wordpress@htmlburger.com",
                "issues": "https://github.com/htmlburger/carbon-fields/issues",
                "source": "https://github.com/htmlburger/carbon-fields"
            },
            "time": "2021-03-26T12:13:14+00:00"
        },
        {
            "name": "htmlburger/carbon-fields-yoast",
            "version": "dev-master",
            "source": {
                "type": "git",
                "url": "https://github.com/htmlburger/carbon-fields-yoast.git",
                "reference": "8eb13900629cfb716e15daed776467b5c9d97503"
            },
            "dist": {
                "type": "zip",
                "url": "https://api.github.com/repos/htmlburger/carbon-fields-yoast/zipball/8eb13900629cfb716e15daed776467b5c9d97503",
                "reference": "8eb13900629cfb716e15daed776467b5c9d97503",
                "shasum": ""
            },
            "type": "library",
            "autoload": {
                "psr-4": {
                    "Carbon_Fields_Yoast\\": "core/"
                }
            },
            "notification-url": "https://packagist.org/downloads/",
            "license": [
                "GPL-2.0-only"
            ],
            "description": "Helper library that allows developers to choose which fields from Carbon Fields to include in the Yoast readability score meter",
            "time": "2019-08-05T12:49:25+00:00"
        }
    ],
    "packages-dev": [],
    "aliases": [],
    "minimum-stability": "dev",
    "stability-flags": {
        "htmlburger/carbon-fields-yoast": 20
    },
    "prefer-stable": false,
    "prefer-lowest": false,
    "platform": [],
    "platform-dev": [],
    "platform-overrides": {
        "php": "7.3"
    },
    "plugin-api-version": "2.0.0"
}
